
Microsoft Visual Studio Solution File, Format Version 12.00
# Visual Studio Version 17
VisualStudioVersion = 17.0.32126.317
MinimumVisualStudioVersion = 10.0.40219.1
Project("{FAE04EC0-301F-11D3-BF4B-00C04F79EFBC}") = "EntityFrameworkCore-Tutorial-C35", "EntityFrameworkCore-Tutorial-C35\EntityFrameworkCore-Tutorial-C35.csproj", "{5E14A7DC-7E03-4438-9508-4DEE6FA8B98A}"
EndProject
Global
	GlobalSection(SolutionConfigurationPlatforms) = preSolution
		Debug|Any CPU = Debug|Any CPU
		Release|Any CPU = Release|Any CPU
	EndGlobalSection
	GlobalSection(ProjectConfigurationPlatforms) = postSolution
		{5E14A7DC-7E03-4438-9508-4DEE6FA8B98A}.Debug|Any CPU.ActiveCfg = Debug|Any CPU
		{5E14A7DC-7E03-4438-9508-4DEE6FA8B98A}.Debug|Any CPU.Build.0 = Debug|Any CPU
		{5E14A7DC-7E03-4438-9508-4DEE6FA8B98A}.Release|Any CPU.ActiveCfg = Release|Any CPU
		{5E14A7DC-7E03-4438-9508-4DEE6FA8B98A}.Release|Any CPU.Build.0 = Release|Any CPU
	EndGlobalSection
	GlobalSection(SolutionProperties) = preSolution
		HideSolutionNode = FALSE
	EndGlobalSection
	GlobalSection(ExtensibilityGlobals) = postSolution
		SolutionGuid = {6C829128-44A5-484E-BCED-0D36F61C71F5}
	EndGlobalSection
EndGlobal
